
Microsoft Visual Studio Solution File, Format Version 12.00
# Visual Studio Version 16
VisualStudioVersion = 16.0.29503.13
MinimumVisualStudioVersion = 10.0.40219.1
Project("{FAE04EC0-301F-11D3-BF4B-00C04F79EFBC}") = "HideTMPECrosswalks", "HideTMPECrosswalks\HideTMPECrosswalks.csproj", "{17034566-78DF-4C3D-BD3F-3B833CB2D872}"
EndProject
Global
	GlobalSection(SolutionConfigurationPlatforms) = preSolution
		Debug|Any CPU = Debug|Any CPU
		Release|Any CPU = Release|Any CPU
	EndGlobalSection
	GlobalSection(ProjectConfigurationPlatforms) = postSolution
		{17034566-78DF-4C3D-BD3F-3B833CB2D872}.Debug|Any CPU.ActiveCfg = Debug|Any CPU
		{17034566-78DF-4C3D-BD3F-3B833CB2D872}.Debug|Any CPU.Build.0 = Debug|Any CPU
		{17034566-78DF-4C3D-BD3F-3B833CB2D872}.Release|Any CPU.ActiveCfg = Release|Any CPU
		{17034566-78DF-4C3D-BD3F-3B833CB2D872}.Release|Any CPU.Build.0 = Release|Any CPU
	EndGlobalSection
	GlobalSection(SolutionProperties) = preSolution
		HideSolutionNode = FALSE
	EndGlobalSection
	GlobalSection(ExtensibilityGlobals) = postSolution
		SolutionGuid = {40F9F8A5-0035-467F-9318-2E6454A4A612}
	EndGlobalSection
EndGlobal
